
Microsoft Visual Studio Solution File, Format Version 12.00
# Visual Studio 15
VisualStudioVersion = 15.0.28010.2016
MinimumVisualStudioVersion = 10.0.40219.1
Project("{FAE04EC0-301F-11D3-BF4B-00C04F79EFBC}") = "MatrixRotation", "MatrixRotation\MatrixRotation.csproj", "{5B3CCF31-401D-4FD7-AA3C-70C0D98750B0}"
EndProject
Project("{2150E333-8FDC-42A3-9474-1A3956D46DE8}") = "Matrix", "Matrix", "{87FDB149-DC57-418C-8710-9B1F93CFC25D}"
EndProject
Project("{FAE04EC0-301F-11D3-BF4B-00C04F79EFBC}") = "SpiralMatrix", "SpiralMatrix\SpiralMatrix.csproj", "{2E7ADA00-C542-407D-947F-3A7B92A2238B}"
EndProject
Project("{FAE04EC0-301F-11D3-BF4B-00C04F79EFBC}") = "SearchMatrix", "SearchMatrix\SearchMatrix.csproj", "{1AC35C7F-675B-460B-AF0E-F6BD18417913}"
EndProject
Project("{2150E333-8FDC-42A3-9474-1A3956D46DE8}") = "Array", "Array", "{A82DA9F9-A1E2-47C1-9850-DFA950F72509}"
EndProject
Project("{FAE04EC0-301F-11D3-BF4B-00C04F79EFBC}") = "MissingAndDuplicate", "MissingAndDuplicate\MissingAndDuplicate.csproj", "{5DB54AEC-984E-4F78-B7BF-BEA6835C8E88}"
EndProject
Project("{FAE04EC0-301F-11D3-BF4B-00C04F79EFBC}") = "DuplicateElement", "DuplicateElement\DuplicateElement.csproj", "{51AA8323-CFCA-49DA-B52A-49D0B2A03060}"
EndProject
Project("{FAE04EC0-301F-11D3-BF4B-00C04F79EFBC}") = "SetMatrixZero", "SetMatrixZero\SetMatrixZero.csproj", "{729B458B-7C9E-4B6C-9821-630DDCF21E8D}"
EndProject
Project("{FAE04EC0-301F-11D3-BF4B-00C04F79EFBC}") = "SetMatrixZeros", "SetMatrixZeros\SetMatrixZeros.csproj", "{3EA86751-6425-46FC-A771-475076BBD2C8}"
EndProject
Project("{FAE04EC0-301F-11D3-BF4B-00C04F79EFBC}") = "LargestNumber", "LargestNumber\LargestNumber.csproj", "{60C46E15-235D-4114-9DA6-FB98CCB90EEA}"
EndProject
Project("{2150E333-8FDC-42A3-9474-1A3956D46DE8}") = "Patterns", "Patterns", "{A1D9A369-19B7-459A-AC3F-F8D18D018311}"
EndProject
Project("{FAE04EC0-301F-11D3-BF4B-00C04F79EFBC}") = "PascalTriangle", "PascalTriangle\PascalTriangle.csproj", "{7D098BA1-0EA3-4C66-94C7-2190DCF8E8AC}"
EndProject
Project("{FAE04EC0-301F-11D3-BF4B-00C04F79EFBC}") = "MaxDistance", "MaxDistance\MaxDistance.csproj", "{1D4526B4-D90F-4257-80F0-2DEA36525320}"
EndProject
Project("{FAE04EC0-301F-11D3-BF4B-00C04F79EFBC}") = "SearchElement", "SearchElement\SearchElement.csproj", "{17D06655-5AE6-44B5-8887-C94AD7C9025A}"
EndProject
Project("{2150E333-8FDC-42A3-9474-1A3956D46DE8}") = "Strings", "Strings", "{93828837-AA2E-43CC-8078-E74873AEFC7F}"
EndProject
Project("{FAE04EC0-301F-11D3-BF4B-00C04F79EFBC}") = "StrStrFunction", "StrStrFunction\StrStrFunction.csproj", "{66B3C152-6B22-44D3-BC4F-87A645510C8B}"
EndProject
Project("{FAE04EC0-301F-11D3-BF4B-00C04F79EFBC}") = "LenOfLastowrd", "LenOfLastowrd\LenOfLastowrd.csproj", "{99CA3962-5B92-46EC-A10F-96545FFB79FB}"
EndProject
Project("{FAE04EC0-301F-11D3-BF4B-00C04F79EFBC}") = "DuplicateOfSorted", "DuplicateOfSorted\DuplicateOfSorted.csproj", "{C3F2B8AD-555B-4914-A9EE-254A9AA89F21}"
EndProject
Project("{FAE04EC0-301F-11D3-BF4B-00C04F79EFBC}") = "3Sum", "3Sum\3Sum.csproj", "{C6D4E1D0-7C03-46AE-9516-743A92DD1E71}"
EndProject
Project("{FAE04EC0-301F-11D3-BF4B-00C04F79EFBC}") = "TrappingRainWater", "TrappingRainWater\TrappingRainWater.csproj", "{71ED1238-BBEA-4FF6-9550-CEF6D493CBB8}"
EndProject
Project("{2150E333-8FDC-42A3-9474-1A3956D46DE8}") = "LinkedList", "LinkedList", "{95FA3675-5FD8-4507-8A4F-440B43DF42B0}"
EndProject
Project("{FAE04EC0-301F-11D3-BF4B-00C04F79EFBC}") = "NextRandomPointer", "NextRandomPointer\NextRandomPointer.csproj", "{A1C65164-A2CD-411A-A285-79C1AA078B3B}"
EndProject
Project("{FAE04EC0-301F-11D3-BF4B-00C04F79EFBC}") = "RearrangeLinkedList", "RearrangeLinkedList\RearrangeLinkedList.csproj", "{41F87AD3-E666-4681-9216-AD7EE0494C44}"
EndProject
Project("{FAE04EC0-301F-11D3-BF4B-00C04F79EFBC}") = "ReverseLinkedList", "ReverseLinkedList\ReverseLinkedList.csproj", "{8D86D250-A309-40D5-92D9-7A53B6C533A5}"
EndProject
Project("{FAE04EC0-301F-11D3-BF4B-00C04F79EFBC}") = "ArrayAdd", "ArrayAdd\ArrayAdd.csproj", "{3214C5DA-9731-4BC1-8BD9-28916FE13E58}"
EndProject
Project("{FAE04EC0-301F-11D3-BF4B-00C04F79EFBC}") = "LeftRotation", "LeftRotation\LeftRotation.csproj", "{DF72E1F9-A72A-4111-AFD1-74061F1BD208}"
EndProject
Project("{FAE04EC0-301F-11D3-BF4B-00C04F79EFBC}") = "Contacts", "Contacts\Contacts.csproj", "{D8BBC627-259C-41DE-8D85-BEBA73D5B9DD}"
EndProject
Project("{2150E333-8FDC-42A3-9474-1A3956D46DE8}") = "tries", "tries", "{B4BCE1B0-9CEE-4801-9BDF-BDA146CED3FE}"
EndProject
Project("{FAE04EC0-301F-11D3-BF4B-00C04F79EFBC}") = "MakingAnagrams", "MakingAnagrams\MakingAnagrams.csproj", "{7ED1EDF9-2486-4D1E-B536-2007328EA8DC}"
EndProject
Project("{2150E333-8FDC-42A3-9474-1A3956D46DE8}") = "Dictionary", "Dictionary", "{FC718466-3C16-4F06-8C3E-AD17B08CADFB}"
EndProject
Project("{FAE04EC0-301F-11D3-BF4B-00C04F79EFBC}") = "RansomNote", "RansomNote\RansomNote.csproj", "{2F4E886A-2AE0-40BE-A89E-EAF97E275415}"
EndProject
Project("{2150E333-8FDC-42A3-9474-1A3956D46DE8}") = "trees", "trees", "{5392A129-0F8D-4DC6-9304-0631E242DD9E}"
EndProject
Project("{FAE04EC0-301F-11D3-BF4B-00C04F79EFBC}") = "Traversal", "Traversal\Traversal.csproj", "{DBD1EAEA-B36D-4B85-BB51-0898415A85F4}"
EndProject
Project("{2150E333-8FDC-42A3-9474-1A3956D46DE8}") = "Number", "Number", "{F1A84F83-F2EA-4852-9A21-31618AEF82DE}"
EndProject
Project("{FAE04EC0-301F-11D3-BF4B-00C04F79EFBC}") = "DecimalToBinary", "DecimalToBinary\DecimalToBinary.csproj", "{84747B9E-F901-41FF-9377-02E0235BF33D}"
EndProject
Project("{FAE04EC0-301F-11D3-BF4B-00C04F79EFBC}") = "SecondMin", "SecondMin\SecondMin.csproj", "{00A09B72-7200-46DA-A568-B68EBFB4AA5E}"
EndProject
Project("{FAE04EC0-301F-11D3-BF4B-00C04F79EFBC}") = "TrimBST", "TrimBST\TrimBST.csproj", "{D3B86D0A-72FB-4606-AB0A-917CC5AF3C3E}"
EndProject
Project("{2150E333-8FDC-42A3-9474-1A3956D46DE8}") = "Sorting", "Sorting", "{4B29FD8D-9153-4295-86AC-62C711D0BC78}"
EndProject
Project("{FAE04EC0-301F-11D3-BF4B-00C04F79EFBC}") = "ThreeArrayProblem", "ThreeArrayProblem\ThreeArrayProblem.csproj", "{11D0928D-B324-42DE-A435-45AE42EB45D1}"
EndProject
Project("{2150E333-8FDC-42A3-9474-1A3956D46DE8}") = "Card", "Card", "{3527F723-AF1C-4BF0-9823-5D233D8ABC96}"
EndProject
Project("{9A19103F-16F7-4668-BE54-9A1E7A4F7556}") = "ShuffleCard", "ShuffleCard\ShuffleCard.csproj", "{0915961B-3D12-452A-9827-A81A8F8CD091}"
EndProject
Project("{FAE04EC0-301F-11D3-BF4B-00C04F79EFBC}") = "HeightOfTree", "HeightOfTree\HeightOfTree.csproj", "{22DD1C1E-A93A-4E1D-B80A-170F84C2941D}"
EndProject
Global
	GlobalSection(SolutionConfigurationPlatforms) = preSolution
		Debug|Any CPU = Debug|Any CPU
		Release|Any CPU = Release|Any CPU
	EndGlobalSection
	GlobalSection(ProjectConfigurationPlatforms) = postSolution
		{5B3CCF31-401D-4FD7-AA3C-70C0D98750B0}.Debug|Any CPU.ActiveCfg = Debug|Any CPU
		{5B3CCF31-401D-4FD7-AA3C-70C0D98750B0}.Debug|Any CPU.Build.0 = Debug|Any CPU
		{5B3CCF31-401D-4FD7-AA3C-70C0D98750B0}.Release|Any CPU.ActiveCfg = Release|Any CPU
		{5B3CCF31-401D-4FD7-AA3C-70C0D98750B0}.Release|Any CPU.Build.0 = Release|Any CPU
		{2E7ADA00-C542-407D-947F-3A7B92A2238B}.Debug|Any CPU.ActiveCfg = Debug|Any CPU
		{2E7ADA00-C542-407D-947F-3A7B92A2238B}.Debug|Any CPU.Build.0 = Debug|Any CPU
		{2E7ADA00-C542-407D-947F-3A7B92A2238B}.Release|Any CPU.ActiveCfg = Release|Any CPU
		{2E7ADA00-C542-407D-947F-3A7B92A2238B}.Release|Any CPU.Build.0 = Release|Any CPU
		{1AC35C7F-675B-460B-AF0E-F6BD18417913}.Debug|Any CPU.ActiveCfg = Debug|Any CPU
		{1AC35C7F-675B-460B-AF0E-F6BD18417913}.Debug|Any CPU.Build.0 = Debug|Any CPU
		{1AC35C7F-675B-460B-AF0E-F6BD18417913}.Release|Any CPU.ActiveCfg = Release|Any CPU
		{1AC35C7F-675B-460B-AF0E-F6BD18417913}.Release|Any CPU.Build.0 = Release|Any CPU
		{5DB54AEC-984E-4F78-B7BF-BEA6835C8E88}.Debug|Any CPU.ActiveCfg = Debug|Any CPU
		{5DB54AEC-984E-4F78-B7BF-BEA6835C8E88}.Debug|Any CPU.Build.0 = Debug|Any CPU
		{5DB54AEC-984E-4F78-B7BF-BEA6835C8E88}.Release|Any CPU.ActiveCfg = Release|Any CPU
		{5DB54AEC-984E-4F78-B7BF-BEA6835C8E88}.Release|Any CPU.Build.0 = Release|Any CPU
		{51AA8323-CFCA-49DA-B52A-49D0B2A03060}.Debug|Any CPU.ActiveCfg = Debug|Any CPU
		{51AA8323-CFCA-49DA-B52A-49D0B2A03060}.Debug|Any CPU.Build.0 = Debug|Any CPU
		{51AA8323-CFCA-49DA-B52A-49D0B2A03060}.Release|Any CPU.ActiveCfg = Release|Any CPU
		{51AA8323-CFCA-49DA-B52A-49D0B2A03060}.Release|Any CPU.Build.0 = Release|Any CPU
		{729B458B-7C9E-4B6C-9821-630DDCF21E8D}.Debug|Any CPU.ActiveCfg = Debug|Any CPU
		{729B458B-7C9E-4B6C-9821-630DDCF21E8D}.Debug|Any CPU.Build.0 = Debug|Any CPU
		{729B458B-7C9E-4B6C-9821-630DDCF21E8D}.Release|Any CPU.ActiveCfg = Release|Any CPU
		{729B458B-7C9E-4B6C-9821-630DDCF21E8D}.Release|Any CPU.Build.0 = Release|Any CPU
		{3EA86751-6425-46FC-A771-475076BBD2C8}.Debug|Any CPU.ActiveCfg = Debug|Any CPU
		{3EA86751-6425-46FC-A771-475076BBD2C8}.Debug|Any CPU.Build.0 = Debug|Any CPU
		{3EA86751-6425-46FC-A771-475076BBD2C8}.Release|Any CPU.ActiveCfg = Release|Any CPU
		{3EA86751-6425-46FC-A771-475076BBD2C8}.Release|Any CPU.Build.0 = Release|Any CPU
		{60C46E15-235D-4114-9DA6-FB98CCB90EEA}.Debug|Any CPU.ActiveCfg = Debug|Any CPU
		{60C46E15-235D-4114-9DA6-FB98CCB90EEA}.Debug|Any CPU.Build.0 = Debug|Any CPU
		{60C46E15-235D-4114-9DA6-FB98CCB90EEA}.Release|Any CPU.ActiveCfg = Release|Any CPU
		{60C46E15-235D-4114-9DA6-FB98CCB90EEA}.Release|Any CPU.Build.0 = Release|Any CPU
		{7D098BA1-0EA3-4C66-94C7-2190DCF8E8AC}.Debug|Any CPU.ActiveCfg = Debug|Any CPU
		{7D098BA1-0EA3-4C66-94C7-2190DCF8E8AC}.Debug|Any CPU.Build.0 = Debug|Any CPU
		{7D098BA1-0EA3-4C66-94C7-2190DCF8E8AC}.Release|Any CPU.ActiveCfg = Release|Any CPU
		{7D098BA1-0EA3-4C66-94C7-2190DCF8E8AC}.Release|Any CPU.Build.0 = Release|Any CPU
		{1D4526B4-D90F-4257-80F0-2DEA36525320}.Debug|Any CPU.ActiveCfg = Debug|Any CPU
		{1D4526B4-D90F-4257-80F0-2DEA36525320}.Debug|Any CPU.Build.0 = Debug|Any CPU
		{1D4526B4-D90F-4257-80F0-2DEA36525320}.Release|Any CPU.ActiveCfg = Release|Any CPU
		{1D4526B4-D90F-4257-80F0-2DEA36525320}.Release|Any CPU.Build.0 = Release|Any CPU
		{17D06655-5AE6-44B5-8887-C94AD7C9025A}.Debug|Any CPU.ActiveCfg = Debug|Any CPU
		{17D06655-5AE6-44B5-8887-C94AD7C9025A}.Debug|Any CPU.Build.0 = Debug|Any CPU
		{17D06655-5AE6-44B5-8887-C94AD7C9025A}.Release|Any CPU.ActiveCfg = Release|Any CPU
		{17D06655-5AE6-44B5-8887-C94AD7C9025A}.Release|Any CPU.Build.0 = Release|Any CPU
		{66B3C152-6B22-44D3-BC4F-87A645510C8B}.Debug|Any CPU.ActiveCfg = Debug|Any CPU
		{66B3C152-6B22-44D3-BC4F-87A645510C8B}.Debug|Any CPU.Build.0 = Debug|Any CPU
		{66B3C152-6B22-44D3-BC4F-87A645510C8B}.Release|Any CPU.ActiveCfg = Release|Any CPU
		{66B3C152-6B22-44D3-BC4F-87A645510C8B}.Release|Any CPU.Build.0 = Release|Any CPU
		{99CA3962-5B92-46EC-A10F-96545FFB79FB}.Debug|Any CPU.ActiveCfg = Debug|Any CPU
		{99CA3962-5B92-46EC-A10F-96545FFB79FB}.Debug|Any CPU.Build.0 = Debug|Any CPU
		{99CA3962-5B92-46EC-A10F-96545FFB79FB}.Release|Any CPU.ActiveCfg = Release|Any CPU
		{99CA3962-5B92-46EC-A10F-96545FFB79FB}.Release|Any CPU.Build.0 = Release|Any CPU
		{C3F2B8AD-555B-4914-A9EE-254A9AA89F21}.Debug|Any CPU.ActiveCfg = Debug|Any CPU
		{C3F2B8AD-555B-4914-A9EE-254A9AA89F21}.Debug|Any CPU.Build.0 = Debug|Any CPU
		{C3F2B8AD-555B-4914-A9EE-254A9AA89F21}.Release|Any CPU.ActiveCfg = Release|Any CPU
		{C3F2B8AD-555B-4914-A9EE-254A9AA89F21}.Release|Any CPU.Build.0 = Release|Any CPU
		{C6D4E1D0-7C03-46AE-9516-743A92DD1E71}.Debug|Any CPU.ActiveCfg = Debug|Any CPU
		{C6D4E1D0-7C03-46AE-9516-743A92DD1E71}.Debug|Any CPU.Build.0 = Debug|Any CPU
		{C6D4E1D0-7C03-46AE-9516-743A92DD1E71}.Release|Any CPU.ActiveCfg = Release|Any CPU
		{C6D4E1D0-7C03-46AE-9516-743A92DD1E71}.Release|Any CPU.Build.0 = Release|Any CPU
		{71ED1238-BBEA-4FF6-9550-CEF6D493CBB8}.Debug|Any CPU.ActiveCfg = Debug|Any CPU
		{71ED1238-BBEA-4FF6-9550-CEF6D493CBB8}.Debug|Any CPU.Build.0 = Debug|Any CPU
		{71ED1238-BBEA-4FF6-9550-CEF6D493CBB8}.Release|Any CPU.ActiveCfg = Release|Any CPU
		{71ED1238-BBEA-4FF6-9550-CEF6D493CBB8}.Release|Any CPU.Build.0 = Release|Any CPU
		{A1C65164-A2CD-411A-A285-79C1AA078B3B}.Debug|Any CPU.ActiveCfg = Debug|Any CPU
		{A1C65164-A2CD-411A-A285-79C1AA078B3B}.Debug|Any CPU.Build.0 = Debug|Any CPU
		{A1C65164-A2CD-411A-A285-79C1AA078B3B}.Release|Any CPU.ActiveCfg = Release|Any CPU
		{A1C65164-A2CD-411A-A285-79C1AA078B3B}.Release|Any CPU.Build.0 = Release|Any CPU
		{41F87AD3-E666-4681-9216-AD7EE0494C44}.Debug|Any CPU.ActiveCfg = Debug|Any CPU
		{41F87AD3-E666-4681-9216-AD7EE0494C44}.Debug|Any CPU.Build.0 = Debug|Any CPU
		{41F87AD3-E666-4681-9216-AD7EE0494C44}.Release|Any CPU.ActiveCfg = Release|Any CPU
		{41F87AD3-E666-4681-9216-AD7EE0494C44}.Release|Any CPU.Build.0 = Release|Any CPU
		{8D86D250-A309-40D5-92D9-7A53B6C533A5}.Debug|Any CPU.ActiveCfg = Debug|Any CPU
		{8D86D250-A309-40D5-92D9-7A53B6C533A5}.Debug|Any CPU.Build.0 = Debug|Any CPU
		{8D86D250-A309-40D5-92D9-7A53B6C533A5}.Release|Any CPU.ActiveCfg = Release|Any CPU
		{8D86D250-A309-40D5-92D9-7A53B6C533A5}.Release|Any CPU.Build.0 = Release|Any CPU
		{3214C5DA-9731-4BC1-8BD9-28916FE13E58}.Debug|Any CPU.ActiveCfg = Debug|Any CPU
		{3214C5DA-9731-4BC1-8BD9-28916FE13E58}.Debug|Any CPU.Build.0 = Debug|Any CPU
		{3214C5DA-9731-4BC1-8BD9-28916FE13E58}.Release|Any CPU.ActiveCfg = Release|Any CPU
		{3214C5DA-9731-4BC1-8BD9-28916FE13E58}.Release|Any CPU.Build.0 = Release|Any CPU
		{DF72E1F9-A72A-4111-AFD1-74061F1BD208}.Debug|Any CPU.ActiveCfg = Debug|Any CPU
		{DF72E1F9-A72A-4111-AFD1-74061F1BD208}.Debug|Any CPU.Build.0 = Debug|Any CPU
		{DF72E1F9-A72A-4111-AFD1-74061F1BD208}.Release|Any CPU.ActiveCfg = Release|Any CPU
		{DF72E1F9-A72A-4111-AFD1-74061F1BD208}.Release|Any CPU.Build.0 = Release|Any CPU
		{D8BBC627-259C-41DE-8D85-BEBA73D5B9DD}.Debug|Any CPU.ActiveCfg = Debug|Any CPU
		{D8BBC627-259C-41DE-8D85-BEBA73D5B9DD}.Debug|Any CPU.Build.0 = Debug|Any CPU
		{D8BBC627-259C-41DE-8D85-BEBA73D5B9DD}.Release|Any CPU.ActiveCfg = Release|Any CPU
		{D8BBC627-259C-41DE-8D85-BEBA73D5B9DD}.Release|Any CPU.Build.0 = Release|Any CPU
		{7ED1EDF9-2486-4D1E-B536-2007328EA8DC}.Debug|Any CPU.ActiveCfg = Debug|Any CPU
		{7ED1EDF9-2486-4D1E-B536-2007328EA8DC}.Debug|Any CPU.Build.0 = Debug|Any CPU
		{7ED1EDF9-2486-4D1E-B536-2007328EA8DC}.Release|Any CPU.ActiveCfg = Release|Any CPU
		{7ED1EDF9-2486-4D1E-B536-2007328EA8DC}.Release|Any CPU.Build.0 = Release|Any CPU
		{2F4E886A-2AE0-40BE-A89E-EAF97E275415}.Debug|Any CPU.ActiveCfg = Debug|Any CPU
		{2F4E886A-2AE0-40BE-A89E-EAF97E275415}.Debug|Any CPU.Build.0 = Debug|Any CPU
		{2F4E886A-2AE0-40BE-A89E-EAF97E275415}.Release|Any CPU.ActiveCfg = Release|Any CPU
		{2F4E886A-2AE0-40BE-A89E-EAF97E275415}.Release|Any CPU.Build.0 = Release|Any CPU
		{DBD1EAEA-B36D-4B85-BB51-0898415A85F4}.Debug|Any CPU.ActiveCfg = Debug|Any CPU
		{DBD1EAEA-B36D-4B85-BB51-0898415A85F4}.Debug|Any CPU.Build.0 = Debug|Any CPU
		{DBD1EAEA-B36D-4B85-BB51-0898415A85F4}.Release|Any CPU.ActiveCfg = Release|Any CPU
		{DBD1EAEA-B36D-4B85-BB51-0898415A85F4}.Release|Any CPU.Build.0 = Release|Any CPU
		{84747B9E-F901-41FF-9377-02E0235BF33D}.Debug|Any CPU.ActiveCfg = Debug|Any CPU
		{84747B9E-F901-41FF-9377-02E0235BF33D}.Debug|Any CPU.Build.0 = Debug|Any CPU
		{84747B9E-F901-41FF-9377-02E0235BF33D}.Release|Any CPU.ActiveCfg = Release|Any CPU
		{84747B9E-F901-41FF-9377-02E0235BF33D}.Release|Any CPU.Build.0 = Release|Any CPU
		{00A09B72-7200-46DA-A568-B68EBFB4AA5E}.Debug|Any CPU.ActiveCfg = Debug|Any CPU
		{00A09B72-7200-46DA-A568-B68EBFB4AA5E}.Debug|Any CPU.Build.0 = Debug|Any CPU
		{00A09B72-7200-46DA-A568-B68EBFB4AA5E}.Release|Any CPU.ActiveCfg = Release|Any CPU
		{00A09B72-7200-46DA-A568-B68EBFB4AA5E}.Release|Any CPU.Build.0 = Release|Any CPU
		{D3B86D0A-72FB-4606-AB0A-917CC5AF3C3E}.Debug|Any CPU.ActiveCfg = Debug|Any CPU
		{D3B86D0A-72FB-4606-AB0A-917CC5AF3C3E}.Debug|Any CPU.Build.0 = Debug|Any CPU
		{D3B86D0A-72FB-4606-AB0A-917CC5AF3C3E}.Release|Any CPU.ActiveCfg = Release|Any CPU
		{D3B86D0A-72FB-4606-AB0A-917CC5AF3C3E}.Release|Any CPU.Build.0 = Release|Any CPU
		{11D0928D-B324-42DE-A435-45AE42EB45D1}.Debug|Any CPU.ActiveCfg = Debug|Any CPU
		{11D0928D-B324-42DE-A435-45AE42EB45D1}.Debug|Any CPU.Build.0 = Debug|Any CPU
		{11D0928D-B324-42DE-A435-45AE42EB45D1}.Release|Any CPU.ActiveCfg = Release|Any CPU
		{11D0928D-B324-42DE-A435-45AE42EB45D1}.Release|Any CPU.Build.0 = Release|Any CPU
		{0915961B-3D12-452A-9827-A81A8F8CD091}.Debug|Any CPU.ActiveCfg = Debug|Any CPU
		{0915961B-3D12-452A-9827-A81A8F8CD091}.Debug|Any CPU.Build.0 = Debug|Any CPU
		{0915961B-3D12-452A-9827-A81A8F8CD091}.Release|Any CPU.ActiveCfg = Release|Any CPU
		{0915961B-3D12-452A-9827-A81A8F8CD091}.Release|Any CPU.Build.0 = Release|Any CPU
		{22DD1C1E-A93A-4E1D-B80A-170F84C2941D}.Debug|Any CPU.ActiveCfg = Debug|Any CPU
		{22DD1C1E-A93A-4E1D-B80A-170F84C2941D}.Debug|Any CPU.Build.0 = Debug|Any CPU
		{22DD1C1E-A93A-4E1D-B80A-170F84C2941D}.Release|Any CPU.ActiveCfg = Release|Any CPU
		{22DD1C1E-A93A-4E1D-B80A-170F84C2941D}.Release|Any CPU.Build.0 = Release|Any CPU
	EndGlobalSection
	GlobalSection(SolutionProperties) = preSolution
		HideSolutionNode = FALSE
	EndGlobalSection
	GlobalSection(NestedProjects) = preSolution
		{5B3CCF31-401D-4FD7-AA3C-70C0D98750B0} = {87FDB149-DC57-418C-8710-9B1F93CFC25D}
		{2E7ADA00-C542-407D-947F-3A7B92A2238B} = {87FDB149-DC57-418C-8710-9B1F93CFC25D}
		{1AC35C7F-675B-460B-AF0E-F6BD18417913} = {87FDB149-DC57-418C-8710-9B1F93CFC25D}
		{5DB54AEC-984E-4F78-B7BF-BEA6835C8E88} = {A82DA9F9-A1E2-47C1-9850-DFA950F72509}
		{51AA8323-CFCA-49DA-B52A-49D0B2A03060} = {A82DA9F9-A1E2-47C1-9850-DFA950F72509}
		{729B458B-7C9E-4B6C-9821-630DDCF21E8D} = {A82DA9F9-A1E2-47C1-9850-DFA950F72509}
		{3EA86751-6425-46FC-A771-475076BBD2C8} = {87FDB149-DC57-418C-8710-9B1F93CFC25D}
		{60C46E15-235D-4114-9DA6-FB98CCB90EEA} = {A82DA9F9-A1E2-47C1-9850-DFA950F72509}
		{7D098BA1-0EA3-4C66-94C7-2190DCF8E8AC} = {A1D9A369-19B7-459A-AC3F-F8D18D018311}
		{1D4526B4-D90F-4257-80F0-2DEA36525320} = {A82DA9F9-A1E2-47C1-9850-DFA950F72509}
		{17D06655-5AE6-44B5-8887-C94AD7C9025A} = {A82DA9F9-A1E2-47C1-9850-DFA950F72509}
		{66B3C152-6B22-44D3-BC4F-87A645510C8B} = {93828837-AA2E-43CC-8078-E74873AEFC7F}
		{99CA3962-5B92-46EC-A10F-96545FFB79FB} = {93828837-AA2E-43CC-8078-E74873AEFC7F}
		{C3F2B8AD-555B-4914-A9EE-254A9AA89F21} = {A82DA9F9-A1E2-47C1-9850-DFA950F72509}
		{C6D4E1D0-7C03-46AE-9516-743A92DD1E71} = {A82DA9F9-A1E2-47C1-9850-DFA950F72509}
		{71ED1238-BBEA-4FF6-9550-CEF6D493CBB8} = {A82DA9F9-A1E2-47C1-9850-DFA950F72509}
		{A1C65164-A2CD-411A-A285-79C1AA078B3B} = {95FA3675-5FD8-4507-8A4F-440B43DF42B0}
		{41F87AD3-E666-4681-9216-AD7EE0494C44} = {95FA3675-5FD8-4507-8A4F-440B43DF42B0}
		{8D86D250-A309-40D5-92D9-7A53B6C533A5} = {95FA3675-5FD8-4507-8A4F-440B43DF42B0}
		{3214C5DA-9731-4BC1-8BD9-28916FE13E58} = {A82DA9F9-A1E2-47C1-9850-DFA950F72509}
		{DF72E1F9-A72A-4111-AFD1-74061F1BD208} = {A82DA9F9-A1E2-47C1-9850-DFA950F72509}
		{D8BBC627-259C-41DE-8D85-BEBA73D5B9DD} = {B4BCE1B0-9CEE-4801-9BDF-BDA146CED3FE}
		{7ED1EDF9-2486-4D1E-B536-2007328EA8DC} = {93828837-AA2E-43CC-8078-E74873AEFC7F}
		{2F4E886A-2AE0-40BE-A89E-EAF97E275415} = {FC718466-3C16-4F06-8C3E-AD17B08CADFB}
		{DBD1EAEA-B36D-4B85-BB51-0898415A85F4} = {5392A129-0F8D-4DC6-9304-0631E242DD9E}
		{84747B9E-F901-41FF-9377-02E0235BF33D} = {F1A84F83-F2EA-4852-9A21-31618AEF82DE}
		{00A09B72-7200-46DA-A568-B68EBFB4AA5E} = {5392A129-0F8D-4DC6-9304-0631E242DD9E}
		{D3B86D0A-72FB-4606-AB0A-917CC5AF3C3E} = {5392A129-0F8D-4DC6-9304-0631E242DD9E}
		{11D0928D-B324-42DE-A435-45AE42EB45D1} = {4B29FD8D-9153-4295-86AC-62C711D0BC78}
		{0915961B-3D12-452A-9827-A81A8F8CD091} = {3527F723-AF1C-4BF0-9823-5D233D8ABC96}
		{22DD1C1E-A93A-4E1D-B80A-170F84C2941D} = {5392A129-0F8D-4DC6-9304-0631E242DD9E}
	EndGlobalSection
	GlobalSection(ExtensibilityGlobals) = postSolution
		SolutionGuid = {9B9F393E-D629-4E13-96EA-F99881AD98CF}
	EndGlobalSection
EndGlobal
